// !$*UTF8*$!
{
	archiveVersion = 1;
	classes = {
	};
	objectVersion = 46;
	objects = {

/* Begin PBXBuildFile section */
		8A69CC751AC05C710053BE5A /* main.m in Sources */ = {isa = PBXBuildFile; fileRef = 8A69CC741AC05C710053BE5A /* main.m */; };
/* End PBXBuildFile section */

/* Begin PBXCopyFilesBuildPhase section */
		8A69CC6F1AC05C710053BE5A /* CopyFiles */ = {
			isa = PBXCopyFilesBuildPhase;
			buildActionMask = 2147483647;
			dstPath = /usr/share/man/man1/;
			dstSubfolderSpec = 0;
			files = (
			);
			runOnlyForDeploymentPostprocessing = 1;
		};
/* End PBXCopyFilesBuildPhase section */

/* Begin PBXFileReference section */
		8A69CC711AC05C710053BE5A /* addNetworkFavorite */ = {isa = PBXFileReference; explicitFileType = "compiled.mach-o.executable"; includeInIndex = 0; path = addNetworkFavorite; sourceTree = BUILT_PRODUCTS_DIR; };
		8A69CC741AC05C710053BE5A /* main.m */ = {isa = PBXFileReference; lastKnownFileType = sourcecode.c.objc; path = main.m; sourceTree = "<group>"; };
/* End PBXFileReference section */

/* Begin PBXFrameworksBuildPhase section */
		8A69CC6E1AC05C710053BE5A /* Frameworks */ = {
			isa = PBXFrameworksBuildPhase;
			buildActionMask = 2147483647;
			files = (
			);
			runOnlyForDeploymentPostprocessing = 0;
		};
/* End PBXFrameworksBuildPhase section */

/* Begin PBXGroup section */
		8A69CC681AC05C710053BE5A = {
			isa = PBXGroup;
			children = (
				8A69CC731AC05C710053BE5A /* addNetworkFavorite */,
				8A69CC721AC05C710053BE5A /* Products */,
			);
			sourceTree = "<group>";
		};
		8A69CC721AC05C710053BE5A /* Products */ = {
			isa = PBXGroup;
			children = (
				8A69CC711AC05C710053BE5A /* addNetworkFavorite */,
			);
			name = Products;
			sourceTree = "<group>";
		};
		8A69CC731AC05C710053BE5A /* addNetworkFavorite */ = {
			isa = PBXGroup;
			children = (
				8A69CC741AC05C710053BE5A /* main.m */,
			);
			path = addNetworkFavorite;
			sourceTree = "<group>";
		};
/* End PBXGroup section */

/* Begin PBXNativeTarget section */
		8A69CC701AC05C710053BE5A /* addNetworkFavorite */ = {
			isa = PBXNativeTarget;
			buildConfigurationList = 8A69CC781AC05C710053BE5A /* Build configuration list for PBXNativeTarget "addNetworkFavorite" */;
			buildPhases = (
				8A69CC6D1AC05C710053BE5A /* Sources */,
				8A69CC6E1AC05C710053BE5A /* Frameworks */,
				8A69CC6F1AC05C710053BE5A /* CopyFiles */,
			);
			buildRules = (
			);
			dependencies = (
			);
			name = addNetworkFavorite;
			productName = addNetworkFavorite;
			productReference = 8A69CC711AC05C710053BE5A /* addNetworkFavorite */;
			productType = "com.apple.product-type.tool";
		};
/* End PBXNativeTarget section */

/* Begin PBXProject section */
		8A69CC691AC05C710053BE5A /* Project object */ = {
			isa = PBXProject;
			attributes = {
				LastUpgradeCheck = 0620;
				ORGANIZATIONNAME = "Kapsner, Korbinian";
				TargetAttributes = {
					8A69CC701AC05C710053BE5A = {
						CreatedOnToolsVersion = 6.2;
					};
				};
			};
			buildConfigurationList = 8A69CC6C1AC05C710053BE5A /* Build configuration list for PBXProject "addNetworkFavorite" */;
			compatibilityVersion = "Xcode 3.2";
			developmentRegion = English;
			hasScannedForEncodings = 0;
			knownRegions = (
				en,
			);
			mainGroup = 8A69CC681AC05C710053BE5A;
			productRefGroup = 8A69CC721AC05C710053BE5A /* Products */;
			projectDirPath = "";
			projectRoot = "";
			targets = (
				8A69CC701AC05C710053BE5A /* addNetworkFavorite */,
			);
		};
/* End PBXProject section */

/* Begin PBXSourcesBuildPhase section */
		8A69CC6D1AC05C710053BE5A /* Sources */ = {
			isa = PBXSourcesBuildPhase;
			buildActionMask = 2147483647;
			files = (
				8A69CC751AC05C710053BE5A /* main.m in Sources */,
			);
			runOnlyForDeploymentPostprocessing = 0;
		};
/* End PBXSourcesBuildPhase section */

/* Begin XCBuildConfiguration section */
		8A69CC761AC05C710053BE5A /* Debug */ = {
			isa = XCBuildConfiguration;
			buildSettings = {
				ALWAYS_SEARCH_USER_PATHS = NO;
				CLANG_CXX_LANGUAGE_STANDARD = "gnu++0x";
				CLANG_CXX_LIBRARY = "libc++";
				CLANG_ENABLE_MODULES = YES;
				CLANG_ENABLE_OBJC_ARC = YES;
				CLANG_WARN_BOOL_CONVERSION = YES;
				CLANG_WARN_CONSTANT_CONVERSION = YES;
				CLANG_WARN_DIRECT_OBJC_ISA_USAGE = YES_ERROR;
				CLANG_WARN_EMPTY_BODY = YES;
				CLANG_WARN_ENUM_CONVERSION = YES;
				CLANG_WARN_INT_CONVERSION = YES;
				CLANG_WARN_OBJC_ROOT_CLASS = YES_ERROR;
				CLANG_WARN_UNREACHABLE_CODE = YES;
				CLANG_WARN__DUPLICATE_METHOD_MATCH = YES;
				COPY_PHASE_STRIP = NO;
				ENABLE_STRICT_OBJC_MSGSEND = YES;
				GCC_C_LANGUAGE_STANDARD = gnu99;
				GCC_DYNAMIC_NO_PIC = NO;
				GCC_OPTIMIZATION_LEVEL = 0;
				GCC_PREPROCESSOR_DEFINITIONS = (
					"DEBUG=1",
					"$(inherited)",
				);
				GCC_SYMBOLS_PRIVATE_EXTERN = NO;
				GCC_WARN_64_TO_32_BIT_CONVERSION = YES;
				GCC_WARN_ABOUT_RETURN_TYPE = YES_ERROR;
				GCC_WARN_UNDECLARED_SELECTOR = YES;
				GCC_WARN_UNINITIALIZED_AUTOS = YES_AGGRESSIVE;
				GCC_WARN_UNUSED_FUNCTION = YES;
				GCC_WARN_UNUSED_VARIABLE = YES;
				MACOSX_DEPLOYMENT_TARGET = 10.10;
				MTL_ENABLE_DEBUG_INFO = YES;
				ONLY_ACTIVE_ARCH = YES;
				SDKROOT = macosx;
			};
			name = Debug;
		};
		8A69CC771AC05C710053BE5A /* Release */ = {
			isa = XCBuildConfiguration;
			buildSettings = {
				ALWAYS_SEARCH_USER_PATHS = NO;
				CLANG_CXX_LANGUAGE_STANDARD = "gnu++0x";
				CLANG_CXX_LIBRARY = "libc++";
				CLANG_ENABLE_MODULES = YES;
				CLANG_ENABLE_OBJC_ARC = YES;
				CLANG_WARN_BOOL_CONVERSION = YES;
				CLANG_WARN_CONSTANT_CONVERSION = YES;
				CLANG_WARN_DIRECT_OBJC_ISA_USAGE = YES_ERROR;
				CLANG_WARN_EMPTY_BODY = YES;
				CLANG_WARN_ENUM_CONVERSION = YES;
				CLANG_WARN_INT_CONVERSION = YES;
				CLANG_WARN_OBJC_ROOT_CLASS = YES_ERROR;
				CLANG_WARN_UNREACHABLE_CODE = YES;
				CLANG_WARN__DUPLICATE_METHOD_MATCH = YES;
				COPY_PHASE_STRIP = NO;
				DEBUG_INFORMATION_FORMAT = "dwarf-with-dsym";
				ENABLE_NS_ASSERTIONS = NO;
				ENABLE_STRICT_OBJC_MSGSEND = YES;
				GCC_C_LANGUAGE_STANDARD = gnu99;
				GCC_WARN_64_TO_32_BIT_CONVERSION = YES;
				GCC_WARN_ABOUT_RETURN_TYPE = YES_ERROR;
				GCC_WARN_UNDECLARED_SELECTOR = YES;
				GCC_WARN_UNINITIALIZED_AUTOS = YES_AGGRESSIVE;
				GCC_WARN_UNUSED_FUNCTION = YES;
				GCC_WARN_UNUSED_VARIABLE = YES;
				MACOSX_DEPLOYMENT_TARGET = 10.10;
				MTL_ENABLE_DEBUG_INFO = NO;
				SDKROOT = macosx;
			};
			name = Release;
		};
		8A69CC791AC05C710053BE5A /* Debug */ = {
			isa = XCBuildConfiguration;
			buildSettings = {
				PRODUCT_NAME = "$(TARGET_NAME)";
			};
			name = Debug;
		};
		8A69CC7A1AC05C710053BE5A /* Release */ = {
			isa = XCBuildConfiguration;
			buildSettings = {
				PRODUCT_NAME = "$(TARGET_NAME)";
			};
			name = Release;
		};
/* End XCBuildConfiguration section */

/* Begin XCConfigurationList section */
		8A69CC6C1AC05C710053BE5A /* Build configuration list for PBXProject "addNetworkFavorite" */ = {
			isa = XCConfigurationList;
			buildConfigurations = (
				8A69CC761AC05C710053BE5A /* Debug */,
				8A69CC771AC05C710053BE5A /* Release */,
			);
			defaultConfigurationIsVisible = 0;
			defaultConfigurationName = Release;
		};
		8A69CC781AC05C710053BE5A /* Build configuration list for PBXNativeTarget "addNetworkFavorite" */ = {
			isa = XCConfigurationList;
			buildConfigurations = (
				8A69CC791AC05C710053BE5A /* Debug */,
				8A69CC7A1AC05C710053BE5A /* Release */,
			);
			defaultConfigurationIsVisible = 0;
		};
/* End XCConfigurationList section */
	};
	rootObject = 8A69CC691AC05C710053BE5A /* Project object */;
}
